
Microsoft Visual Studio Solution File, Format Version 12.00
# Visual Studio Version 17
VisualStudioVersion = 17.8.34309.116
MinimumVisualStudioVersion = 10.0.40219.1
Project("{9A19103F-16F7-4668-BE54-9A1E7A4F7556}") = "Repository", "..\repository\Repository.csproj", "{EB4B7C79-3EC4-4B07-964F-BF50A798CCBD}"
EndProject
Project("{9A19103F-16F7-4668-BE54-9A1E7A4F7556}") = "IRepository", "..\IRepository\IRepository.csproj", "{0C3CB1B0-912B-4551-9F8B-75053918683B}"
EndProject
Project("{9A19103F-16F7-4668-BE54-9A1E7A4F7556}") = "Entity", "..\Entity\Entity.csproj", "{0BD87EFA-FE0A-483E-A82E-C76733430892}"
EndProject
Project("{9A19103F-16F7-4668-BE54-9A1E7A4F7556}") = "Model", "..\Model\Model.csproj", "{F30B1F2F-CC60-45E3-88DA-2B9CC709C033}"
EndProject
Project("{9A19103F-16F7-4668-BE54-9A1E7A4F7556}") = "Service", "..\Service\Service.csproj", "{D8E2B3F3-C18F-4081-840A-A2227D8368BF}"
EndProject
Project("{9A19103F-16F7-4668-BE54-9A1E7A4F7556}") = "IService", "..\IService\IService.csproj", "{DD36FC75-C7DC-49B9-9AC6-A68B1EE1628C}"
EndProject
Project("{9A19103F-16F7-4668-BE54-9A1E7A4F7556}") = "Mapper", "..\Mapper\Mapper.csproj", "{09E5AE59-295E-4D80-8F96-E98F3C4996EC}"
EndProject
Project("{FAE04EC0-301F-11D3-BF4B-00C04F79EFBC}") = "AIIL.Services.Api", "..\AIIL.Services.Api\AIIL.Services.Api.csproj", "{7E69CE0D-1734-4403-B5B4-231285C47B59}"
EndProject
Global
	GlobalSection(SolutionConfigurationPlatforms) = preSolution
		Debug|Any CPU = Debug|Any CPU
		Release|Any CPU = Release|Any CPU
	EndGlobalSection
	GlobalSection(ProjectConfigurationPlatforms) = postSolution
		{EB4B7C79-3EC4-4B07-964F-BF50A798CCBD}.Debug|Any CPU.ActiveCfg = Debug|Any CPU
		{EB4B7C79-3EC4-4B07-964F-BF50A798CCBD}.Debug|Any CPU.Build.0 = Debug|Any CPU
		{EB4B7C79-3EC4-4B07-964F-BF50A798CCBD}.Release|Any CPU.ActiveCfg = Release|Any CPU
		{EB4B7C79-3EC4-4B07-964F-BF50A798CCBD}.Release|Any CPU.Build.0 = Release|Any CPU
		{0C3CB1B0-912B-4551-9F8B-75053918683B}.Debug|Any CPU.ActiveCfg = Debug|Any CPU
		{0C3CB1B0-912B-4551-9F8B-75053918683B}.Debug|Any CPU.Build.0 = Debug|Any CPU
		{0C3CB1B0-912B-4551-9F8B-75053918683B}.Release|Any CPU.ActiveCfg = Release|Any CPU
		{0C3CB1B0-912B-4551-9F8B-75053918683B}.Release|Any CPU.Build.0 = Release|Any CPU
		{0BD87EFA-FE0A-483E-A82E-C76733430892}.Debug|Any CPU.ActiveCfg = Debug|Any CPU
		{0BD87EFA-FE0A-483E-A82E-C76733430892}.Debug|Any CPU.Build.0 = Debug|Any CPU
		{0BD87EFA-FE0A-483E-A82E-C76733430892}.Release|Any CPU.ActiveCfg = Release|Any CPU
		{0BD87EFA-FE0A-483E-A82E-C76733430892}.Release|Any CPU.Build.0 = Release|Any CPU
		{F30B1F2F-CC60-45E3-88DA-2B9CC709C033}.Debug|Any CPU.ActiveCfg = Debug|Any CPU
		{F30B1F2F-CC60-45E3-88DA-2B9CC709C033}.Debug|Any CPU.Build.0 = Debug|Any CPU
		{F30B1F2F-CC60-45E3-88DA-2B9CC709C033}.Release|Any CPU.ActiveCfg = Release|Any CPU
		{F30B1F2F-CC60-45E3-88DA-2B9CC709C033}.Release|Any CPU.Build.0 = Release|Any CPU
		{D8E2B3F3-C18F-4081-840A-A2227D8368BF}.Debug|Any CPU.ActiveCfg = Debug|Any CPU
		{D8E2B3F3-C18F-4081-840A-A2227D8368BF}.Debug|Any CPU.Build.0 = Debug|Any CPU
		{D8E2B3F3-C18F-4081-840A-A2227D8368BF}.Release|Any CPU.ActiveCfg = Release|Any CPU
		{D8E2B3F3-C18F-4081-840A-A2227D8368BF}.Release|Any CPU.Build.0 = Release|Any CPU
		{DD36FC75-C7DC-49B9-9AC6-A68B1EE1628C}.Debug|Any CPU.ActiveCfg = Debug|Any CPU
		{DD36FC75-C7DC-49B9-9AC6-A68B1EE1628C}.Debug|Any CPU.Build.0 = Debug|Any CPU
		{DD36FC75-C7DC-49B9-9AC6-A68B1EE1628C}.Release|Any CPU.ActiveCfg = Release|Any CPU
		{DD36FC75-C7DC-49B9-9AC6-A68B1EE1628C}.Release|Any CPU.Build.0 = Release|Any CPU
		{09E5AE59-295E-4D80-8F96-E98F3C4996EC}.Debug|Any CPU.ActiveCfg = Debug|Any CPU
		{09E5AE59-295E-4D80-8F96-E98F3C4996EC}.Debug|Any CPU.Build.0 = Debug|Any CPU
		{09E5AE59-295E-4D80-8F96-E98F3C4996EC}.Release|Any CPU.ActiveCfg = Release|Any CPU
		{09E5AE59-295E-4D80-8F96-E98F3C4996EC}.Release|Any CPU.Build.0 = Release|Any CPU
		{7E69CE0D-1734-4403-B5B4-231285C47B59}.Debug|Any CPU.ActiveCfg = Debug|Any CPU
		{7E69CE0D-1734-4403-B5B4-231285C47B59}.Debug|Any CPU.Build.0 = Debug|Any CPU
		{7E69CE0D-1734-4403-B5B4-231285C47B59}.Release|Any CPU.ActiveCfg = Release|Any CPU
		{7E69CE0D-1734-4403-B5B4-231285C47B59}.Release|Any CPU.Build.0 = Release|Any CPU
	EndGlobalSection
	GlobalSection(SolutionProperties) = preSolution
		HideSolutionNode = FALSE
	EndGlobalSection
	GlobalSection(ExtensibilityGlobals) = postSolution
		SolutionGuid = {CCF2F4B6-82BB-4F4F-88F2-B339FD47D596}
	EndGlobalSection
EndGlobal
