
Microsoft Visual Studio Solution File, Format Version 12.00
# Visual Studio Version 17
VisualStudioVersion = 17.8.34309.116
MinimumVisualStudioVersion = 10.0.40219.1
Project("{FAE04EC0-301F-11D3-BF4B-00C04F79EFBC}") = "Auth", "Auth.csproj", "{51ECEDA0-59F5-4ECA-98DA-7F45F5CAFCCC}"
EndProject
Global
	GlobalSection(SolutionConfigurationPlatforms) = preSolution
		Debug|Any CPU = Debug|Any CPU
		Release|Any CPU = Release|Any CPU
	EndGlobalSection
	GlobalSection(ProjectConfigurationPlatforms) = postSolution
		{51ECEDA0-59F5-4ECA-98DA-7F45F5CAFCCC}.Debug|Any CPU.ActiveCfg = Debug|Any CPU
		{51ECEDA0-59F5-4ECA-98DA-7F45F5CAFCCC}.Debug|Any CPU.Build.0 = Debug|Any CPU
		{51ECEDA0-59F5-4ECA-98DA-7F45F5CAFCCC}.Release|Any CPU.ActiveCfg = Release|Any CPU
		{51ECEDA0-59F5-4ECA-98DA-7F45F5CAFCCC}.Release|Any CPU.Build.0 = Release|Any CPU
	EndGlobalSection
	GlobalSection(SolutionProperties) = preSolution
		HideSolutionNode = FALSE
	EndGlobalSection
	GlobalSection(ExtensibilityGlobals) = postSolution
		SolutionGuid = {CCF2F4B6-82BB-4F4F-88F2-B339FD47D596}
	EndGlobalSection
EndGlobal
